
Microsoft Visual Studio Solution File, Format Version 12.00
# Visual Studio Version 17
VisualStudioVersion = 17.4.32916.344
MinimumVisualStudioVersion = 10.0.40219.1
Project("{FAE04EC0-301F-11D3-BF4B-00C04F79EFBC}") = "html_parser", "html_parser.csproj", "{C89BA28D-A859-47D1-AA7E-EC988C7CFECB}"
EndProject
Global
	GlobalSection(SolutionConfigurationPlatforms) = preSolution
		Debug|Any CPU = Debug|Any CPU
		Release|Any CPU = Release|Any CPU
	EndGlobalSection
	GlobalSection(ProjectConfigurationPlatforms) = postSolution
		{C89BA28D-A859-47D1-AA7E-EC988C7CFECB}.Debug|Any CPU.ActiveCfg = Debug|Any CPU
		{C89BA28D-A859-47D1-AA7E-EC988C7CFECB}.Debug|Any CPU.Build.0 = Debug|Any CPU
		{C89BA28D-A859-47D1-AA7E-EC988C7CFECB}.Release|Any CPU.ActiveCfg = Release|Any CPU
		{C89BA28D-A859-47D1-AA7E-EC988C7CFECB}.Release|Any CPU.Build.0 = Release|Any CPU
	EndGlobalSection
	GlobalSection(SolutionProperties) = preSolution
		HideSolutionNode = FALSE
	EndGlobalSection
	GlobalSection(ExtensibilityGlobals) = postSolution
		SolutionGuid = {3CF65A26-3E53-48B3-AD5C-D907E2ECBA92}
	EndGlobalSection
EndGlobal
